
Microsoft Visual Studio Solution File, Format Version 12.00
# Visual Studio 14
VisualStudioVersion = 14.0.25420.1
MinimumVisualStudioVersion = 10.0.40219.1
Project("{FAE04EC0-301F-11D3-BF4B-00C04F79EFBC}") = "clase1.ejercicio1.figuras", "clase1.ejercicio1.figuras\clase1.ejercicio1.figuras.csproj", "{13E13542-DBF6-4307-BF75-E8AD2ADD71D7}"
EndProject
Project("{FAE04EC0-301F-11D3-BF4B-00C04F79EFBC}") = "clase1.ejercicio2.archivo", "clase1.ejercicio2.archivo\clase1.ejercicio2.archivo.csproj", "{E52EF536-3923-47D1-83ED-49C9312E8A84}"
EndProject
Project("{2150E333-8FDC-42A3-9474-1A3956D46DE8}") = "Clase3.ejercicios", "Clase3.ejercicios", "{60B10418-AD8B-47E3-B77D-76F486E348D4}"
	ProjectSection(SolutionItems) = preProject
		Clase3.ejercicio1.collections.cs = Clase3.ejercicio1.collections.cs
	EndProjectSection
EndProject
Global
	GlobalSection(SolutionConfigurationPlatforms) = preSolution
		Debug|Any CPU = Debug|Any CPU
		Release|Any CPU = Release|Any CPU
	EndGlobalSection
	GlobalSection(ProjectConfigurationPlatforms) = postSolution
		{13E13542-DBF6-4307-BF75-E8AD2ADD71D7}.Debug|Any CPU.ActiveCfg = Debug|Any CPU
		{13E13542-DBF6-4307-BF75-E8AD2ADD71D7}.Debug|Any CPU.Build.0 = Debug|Any CPU
		{13E13542-DBF6-4307-BF75-E8AD2ADD71D7}.Release|Any CPU.ActiveCfg = Release|Any CPU
		{13E13542-DBF6-4307-BF75-E8AD2ADD71D7}.Release|Any CPU.Build.0 = Release|Any CPU
		{E52EF536-3923-47D1-83ED-49C9312E8A84}.Debug|Any CPU.ActiveCfg = Debug|Any CPU
		{E52EF536-3923-47D1-83ED-49C9312E8A84}.Debug|Any CPU.Build.0 = Debug|Any CPU
		{E52EF536-3923-47D1-83ED-49C9312E8A84}.Release|Any CPU.ActiveCfg = Release|Any CPU
		{E52EF536-3923-47D1-83ED-49C9312E8A84}.Release|Any CPU.Build.0 = Release|Any CPU
	EndGlobalSection
	GlobalSection(SolutionProperties) = preSolution
		HideSolutionNode = FALSE
	EndGlobalSection
EndGlobal
