
Microsoft Visual Studio Solution File, Format Version 12.00
# Visual Studio 14
VisualStudioVersion = 14.0.25420.1
MinimumVisualStudioVersion = 10.0.40219.1
Project("{FAE04EC0-301F-11D3-BF4B-00C04F79EFBC}") = "clase1.ejercicio1.figuras", "clase1.ejercicio1.figuras\clase1.ejercicio1.figuras.csproj", "{13E13542-DBF6-4307-BF75-E8AD2ADD71D7}"
EndProject
Project("{FAE04EC0-301F-11D3-BF4B-00C04F79EFBC}") = "clase1.ejercicio2.archivo", "clase1.ejercicio2.archivo\clase1.ejercicio2.archivo.csproj", "{E52EF536-3923-47D1-83ED-49C9312E8A84}"
EndProject
Project("{FAE04EC0-301F-11D3-BF4B-00C04F79EFBC}") = "clase3.Dictionary", "Clase3.ejercicios\clase3.Dictionary.csproj", "{FA2EF8A8-B610-49CB-82C6-1E8AEA767058}"
EndProject
Project("{FAE04EC0-301F-11D3-BF4B-00C04F79EFBC}") = "clase3.list", "List\clase3.list.csproj", "{75E8CA03-5EAB-4B4B-8BC7-780971154EC0}"
EndProject
Project("{FAE04EC0-301F-11D3-BF4B-00C04F79EFBC}") = "Clase3.Palabras", "Clase3.Palabras\Clase3.Palabras.csproj", "{359302C4-950D-48D3-9F7D-C42EF8B69DA7}"
EndProject
Project("{FAE04EC0-301F-11D3-BF4B-00C04F79EFBC}") = "clase5.multiplicacion.matrices", "clase5.multiplicacion.matrices\clase5.multiplicacion.matrices.csproj", "{7E013C3F-4E48-470C-8C14-626F7438F655}"
EndProject
Project("{FAE04EC0-301F-11D3-BF4B-00C04F79EFBC}") = "Clase6.Abecedario", "Abecedario\Clase6.Abecedario.csproj", "{DF0360EB-01F4-46EB-BBDD-33D1F85A8BA3}"
EndProject
Project("{FAE04EC0-301F-11D3-BF4B-00C04F79EFBC}") = "Clase9. WaitAllOneByOne", "Clase9. WaitAllOneByOne\Clase9. WaitAllOneByOne.csproj", "{17B9180B-F6E3-4F29-95AC-B4003FA1F5BF}"
EndProject
Global
	GlobalSection(SolutionConfigurationPlatforms) = preSolution
		Debug|Any CPU = Debug|Any CPU
		Release|Any CPU = Release|Any CPU
	EndGlobalSection
	GlobalSection(ProjectConfigurationPlatforms) = postSolution
		{13E13542-DBF6-4307-BF75-E8AD2ADD71D7}.Debug|Any CPU.ActiveCfg = Debug|Any CPU
		{13E13542-DBF6-4307-BF75-E8AD2ADD71D7}.Debug|Any CPU.Build.0 = Debug|Any CPU
		{13E13542-DBF6-4307-BF75-E8AD2ADD71D7}.Release|Any CPU.ActiveCfg = Release|Any CPU
		{13E13542-DBF6-4307-BF75-E8AD2ADD71D7}.Release|Any CPU.Build.0 = Release|Any CPU
		{E52EF536-3923-47D1-83ED-49C9312E8A84}.Debug|Any CPU.ActiveCfg = Debug|Any CPU
		{E52EF536-3923-47D1-83ED-49C9312E8A84}.Debug|Any CPU.Build.0 = Debug|Any CPU
		{E52EF536-3923-47D1-83ED-49C9312E8A84}.Release|Any CPU.ActiveCfg = Release|Any CPU
		{E52EF536-3923-47D1-83ED-49C9312E8A84}.Release|Any CPU.Build.0 = Release|Any CPU
		{FA2EF8A8-B610-49CB-82C6-1E8AEA767058}.Debug|Any CPU.ActiveCfg = Debug|Any CPU
		{FA2EF8A8-B610-49CB-82C6-1E8AEA767058}.Debug|Any CPU.Build.0 = Debug|Any CPU
		{FA2EF8A8-B610-49CB-82C6-1E8AEA767058}.Release|Any CPU.ActiveCfg = Release|Any CPU
		{FA2EF8A8-B610-49CB-82C6-1E8AEA767058}.Release|Any CPU.Build.0 = Release|Any CPU
		{75E8CA03-5EAB-4B4B-8BC7-780971154EC0}.Debug|Any CPU.ActiveCfg = Debug|Any CPU
		{75E8CA03-5EAB-4B4B-8BC7-780971154EC0}.Debug|Any CPU.Build.0 = Debug|Any CPU
		{75E8CA03-5EAB-4B4B-8BC7-780971154EC0}.Release|Any CPU.ActiveCfg = Release|Any CPU
		{75E8CA03-5EAB-4B4B-8BC7-780971154EC0}.Release|Any CPU.Build.0 = Release|Any CPU
		{359302C4-950D-48D3-9F7D-C42EF8B69DA7}.Debug|Any CPU.ActiveCfg = Debug|Any CPU
		{359302C4-950D-48D3-9F7D-C42EF8B69DA7}.Debug|Any CPU.Build.0 = Debug|Any CPU
		{359302C4-950D-48D3-9F7D-C42EF8B69DA7}.Release|Any CPU.ActiveCfg = Release|Any CPU
		{359302C4-950D-48D3-9F7D-C42EF8B69DA7}.Release|Any CPU.Build.0 = Release|Any CPU
		{7E013C3F-4E48-470C-8C14-626F7438F655}.Debug|Any CPU.ActiveCfg = Debug|Any CPU
		{7E013C3F-4E48-470C-8C14-626F7438F655}.Debug|Any CPU.Build.0 = Debug|Any CPU
		{7E013C3F-4E48-470C-8C14-626F7438F655}.Release|Any CPU.ActiveCfg = Release|Any CPU
		{7E013C3F-4E48-470C-8C14-626F7438F655}.Release|Any CPU.Build.0 = Release|Any CPU
		{DF0360EB-01F4-46EB-BBDD-33D1F85A8BA3}.Debug|Any CPU.ActiveCfg = Debug|Any CPU
		{DF0360EB-01F4-46EB-BBDD-33D1F85A8BA3}.Debug|Any CPU.Build.0 = Debug|Any CPU
		{DF0360EB-01F4-46EB-BBDD-33D1F85A8BA3}.Release|Any CPU.ActiveCfg = Release|Any CPU
		{DF0360EB-01F4-46EB-BBDD-33D1F85A8BA3}.Release|Any CPU.Build.0 = Release|Any CPU
		{17B9180B-F6E3-4F29-95AC-B4003FA1F5BF}.Debug|Any CPU.ActiveCfg = Debug|Any CPU
		{17B9180B-F6E3-4F29-95AC-B4003FA1F5BF}.Debug|Any CPU.Build.0 = Debug|Any CPU
		{17B9180B-F6E3-4F29-95AC-B4003FA1F5BF}.Release|Any CPU.ActiveCfg = Release|Any CPU
		{17B9180B-F6E3-4F29-95AC-B4003FA1F5BF}.Release|Any CPU.Build.0 = Release|Any CPU
	EndGlobalSection
	GlobalSection(SolutionProperties) = preSolution
		HideSolutionNode = FALSE
	EndGlobalSection
EndGlobal
